
Microsoft Visual Studio Solution File, Format Version 12.00
# Visual Studio Version 16
VisualStudioVersion = 16.0.31911.196
MinimumVisualStudioVersion = 10.0.40219.1
Project("{FAE04EC0-301F-11D3-BF4B-00C04F79EFBC}") = "Apple_Store", "Mobile_Store\Apple_Store.csproj", "{73990371-C57C-4010-A688-E8BB1D639C2E}"
EndProject
Global
	GlobalSection(SolutionConfigurationPlatforms) = preSolution
		Debug|Any CPU = Debug|Any CPU
		Release|Any CPU = Release|Any CPU
	EndGlobalSection
	GlobalSection(ProjectConfigurationPlatforms) = postSolution
		{73990371-C57C-4010-A688-E8BB1D639C2E}.Debug|Any CPU.ActiveCfg = Debug|Any CPU
		{73990371-C57C-4010-A688-E8BB1D639C2E}.Debug|Any CPU.Build.0 = Debug|Any CPU
		{73990371-C57C-4010-A688-E8BB1D639C2E}.Release|Any CPU.ActiveCfg = Release|Any CPU
		{73990371-C57C-4010-A688-E8BB1D639C2E}.Release|Any CPU.Build.0 = Release|Any CPU
	EndGlobalSection
	GlobalSection(SolutionProperties) = preSolution
		HideSolutionNode = FALSE
	EndGlobalSection
	GlobalSection(ExtensibilityGlobals) = postSolution
		SolutionGuid = {6001E787-F962-4B5A-A650-6E415D94F772}
	EndGlobalSection
EndGlobal
